
Microsoft Visual Studio Solution File, Format Version 12.00
# Visual Studio Version 17
VisualStudioVersion = 17.1.32414.318
MinimumVisualStudioVersion = 10.0.40219.1
Project("{9A19103F-16F7-4668-BE54-9A1E7A4F7556}") = "Weather.Microservice1", "Weather.Microservice1\Weather.Microservice1.csproj", "{4E6CDE9B-1EA2-40CB-B972-0081B5109FCE}"
EndProject
Project("{9A19103F-16F7-4668-BE54-9A1E7A4F7556}") = "Weather.Microservice2", "Wheater.Microservice2\Weather.Microservice2.csproj", "{24B1E3CC-2974-4262-92F2-49EAD2663160}"
EndProject
Project("{E53339B2-1760-4266-BCC7-CA923CBCF16C}") = "docker-compose", "docker-compose.dcproj", "{0D5C1CA7-B1EA-423A-A1D6-8DF7109BF30A}"
EndProject
Global
	GlobalSection(SolutionConfigurationPlatforms) = preSolution
		Debug|Any CPU = Debug|Any CPU
		Release|Any CPU = Release|Any CPU
	EndGlobalSection
	GlobalSection(ProjectConfigurationPlatforms) = postSolution
		{4E6CDE9B-1EA2-40CB-B972-0081B5109FCE}.Debug|Any CPU.ActiveCfg = Debug|Any CPU
		{4E6CDE9B-1EA2-40CB-B972-0081B5109FCE}.Debug|Any CPU.Build.0 = Debug|Any CPU
		{4E6CDE9B-1EA2-40CB-B972-0081B5109FCE}.Release|Any CPU.ActiveCfg = Release|Any CPU
		{4E6CDE9B-1EA2-40CB-B972-0081B5109FCE}.Release|Any CPU.Build.0 = Release|Any CPU
		{24B1E3CC-2974-4262-92F2-49EAD2663160}.Debug|Any CPU.ActiveCfg = Debug|Any CPU
		{24B1E3CC-2974-4262-92F2-49EAD2663160}.Debug|Any CPU.Build.0 = Debug|Any CPU
		{24B1E3CC-2974-4262-92F2-49EAD2663160}.Release|Any CPU.ActiveCfg = Release|Any CPU
		{24B1E3CC-2974-4262-92F2-49EAD2663160}.Release|Any CPU.Build.0 = Release|Any CPU
		{0D5C1CA7-B1EA-423A-A1D6-8DF7109BF30A}.Debug|Any CPU.ActiveCfg = Debug|Any CPU
		{0D5C1CA7-B1EA-423A-A1D6-8DF7109BF30A}.Debug|Any CPU.Build.0 = Debug|Any CPU
		{0D5C1CA7-B1EA-423A-A1D6-8DF7109BF30A}.Release|Any CPU.ActiveCfg = Release|Any CPU
		{0D5C1CA7-B1EA-423A-A1D6-8DF7109BF30A}.Release|Any CPU.Build.0 = Release|Any CPU
	EndGlobalSection
	GlobalSection(SolutionProperties) = preSolution
		HideSolutionNode = FALSE
	EndGlobalSection
	GlobalSection(ExtensibilityGlobals) = postSolution
		SolutionGuid = {D3E714E3-0A85-438F-AA8E-2036CBDEEAFB}
	EndGlobalSection
EndGlobal
